// !$*UTF8*$!
{
	archiveVersion = 1;
	classes = {
	};
	objectVersion = 55;
	objects = {

/* Begin PBXBuildFile section */
		707074EF2806F7F700736BAF /* AppDelegate.swift in Sources */ = {isa = PBXBuildFile; fileRef = 707074EE2806F7F700736BAF /* AppDelegate.swift */; };
		707074F12806F7F700736BAF /* SceneDelegate.swift in Sources */ = {isa = PBXBuildFile; fileRef = 707074F02806F7F700736BAF /* SceneDelegate.swift */; };
		707074F62806F7F700736BAF /* Main.storyboard in Resources */ = {isa = PBXBuildFile; fileRef = 707074F42806F7F700736BAF /* Main.storyboard */; };
		707074F82806F7F900736BAF /* Assets.xcassets in Resources */ = {isa = PBXBuildFile; fileRef = 707074F72806F7F900736BAF /* Assets.xcassets */; };
		707074FB2806F7F900736BAF /* LaunchScreen.storyboard in Resources */ = {isa = PBXBuildFile; fileRef = 707074F92806F7F900736BAF /* LaunchScreen.storyboard */; };
		707075032806F84000736BAF /* Beer.swift in Sources */ = {isa = PBXBuildFile; fileRef = 707075022806F84000736BAF /* Beer.swift */; };
		707075052806FB3F00736BAF /* BeerListTableViewController.swift in Sources */ = {isa = PBXBuildFile; fileRef = 707075042806FB3F00736BAF /* BeerListTableViewController.swift */; };
		707075072806FB7900736BAF /* NetworkManager.swift in Sources */ = {isa = PBXBuildFile; fileRef = 707075062806FB7900736BAF /* NetworkManager.swift */; };
		7070750A2806FBD600736BAF /* Alamofire in Frameworks */ = {isa = PBXBuildFile; productRef = 707075092806FBD600736BAF /* Alamofire */; };
		707075122807394700736BAF /* AboutViewController.swift in Sources */ = {isa = PBXBuildFile; fileRef = 707075112807394700736BAF /* AboutViewController.swift */; };
/* End PBXBuildFile section */

/* Begin PBXFileReference section */
		707074EB2806F7F700736BAF /* BrewDogBeers.app */ = {isa = PBXFileReference; explicitFileType = wrapper.application; includeInIndex = 0; path = BrewDogBeers.app; sourceTree = BUILT_PRODUCTS_DIR; };
		707074EE2806F7F700736BAF /* AppDelegate.swift */ = {isa = PBXFileReference; lastKnownFileType = sourcecode.swift; path = AppDelegate.swift; sourceTree = "<group>"; };
		707074F02806F7F700736BAF /* SceneDelegate.swift */ = {isa = PBXFileReference; lastKnownFileType = sourcecode.swift; path = SceneDelegate.swift; sourceTree = "<group>"; };
		707074F52806F7F700736BAF /* Base */ = {isa = PBXFileReference; lastKnownFileType = file.storyboard; name = Base; path = Base.lproj/Main.storyboard; sourceTree = "<group>"; };
		707074F72806F7F900736BAF /* Assets.xcassets */ = {isa = PBXFileReference; lastKnownFileType = folder.assetcatalog; path = Assets.xcassets; sourceTree = "<group>"; };
		707074FA2806F7F900736BAF /* Base */ = {isa = PBXFileReference; lastKnownFileType = file.storyboard; name = Base; path = Base.lproj/LaunchScreen.storyboard; sourceTree = "<group>"; };
		707074FC2806F7F900736BAF /* Info.plist */ = {isa = PBXFileReference; lastKnownFileType = text.plist.xml; path = Info.plist; sourceTree = "<group>"; };
		707075022806F84000736BAF /* Beer.swift */ = {isa = PBXFileReference; lastKnownFileType = sourcecode.swift; path = Beer.swift; sourceTree = "<group>"; };
		707075042806FB3F00736BAF /* BeerListTableViewController.swift */ = {isa = PBXFileReference; lastKnownFileType = sourcecode.swift; path = BeerListTableViewController.swift; sourceTree = "<group>"; };
		707075062806FB7900736BAF /* NetworkManager.swift */ = {isa = PBXFileReference; lastKnownFileType = sourcecode.swift; path = NetworkManager.swift; sourceTree = "<group>"; };
		707075112807394700736BAF /* AboutViewController.swift */ = {isa = PBXFileReference; lastKnownFileType = sourcecode.swift; path = AboutViewController.swift; sourceTree = "<group>"; };
/* End PBXFileReference section */

/* Begin PBXFrameworksBuildPhase section */
		707074E82806F7F700736BAF /* Frameworks */ = {
			isa = PBXFrameworksBuildPhase;
			buildActionMask = 2147483647;
			files = (
				7070750A2806FBD600736BAF /* Alamofire in Frameworks */,
			);
			runOnlyForDeploymentPostprocessing = 0;
		};
/* End PBXFrameworksBuildPhase section */

/* Begin PBXGroup section */
		707074E22806F7F700736BAF = {
			isa = PBXGroup;
			children = (
				707074ED2806F7F700736BAF /* BrewDogBeers */,
				707074EC2806F7F700736BAF /* Products */,
			);
			sourceTree = "<group>";
		};
		707074EC2806F7F700736BAF /* Products */ = {
			isa = PBXGroup;
			children = (
				707074EB2806F7F700736BAF /* BrewDogBeers.app */,
			);
			name = Products;
			sourceTree = "<group>";
		};
		707074ED2806F7F700736BAF /* BrewDogBeers */ = {
			isa = PBXGroup;
			children = (
				7087A563280751F900015F1F /* Services */,
				7070751328074DFD00736BAF /* App */,
				70ACADDE2807510F00B59F08 /* Storyboards */,
				70ACADDF2807512800B59F08 /* Resources */,
				70ACADDD2807510A00B59F08 /* Models */,
				70ACADDC280750FA00B59F08 /* ViewControllers */,
			);
			path = BrewDogBeers;
			sourceTree = "<group>";
		};
		7070751328074DFD00736BAF /* App */ = {
			isa = PBXGroup;
			children = (
				707074EE2806F7F700736BAF /* AppDelegate.swift */,
				707074F02806F7F700736BAF /* SceneDelegate.swift */,
				707074FC2806F7F900736BAF /* Info.plist */,
			);
			path = App;
			sourceTree = "<group>";
		};
		7087A563280751F900015F1F /* Services */ = {
			isa = PBXGroup;
			children = (
				707075062806FB7900736BAF /* NetworkManager.swift */,
			);
			path = Services;
			sourceTree = "<group>";
		};
		70ACADDC280750FA00B59F08 /* ViewControllers */ = {
			isa = PBXGroup;
			children = (
				707075042806FB3F00736BAF /* BeerListTableViewController.swift */,
				707075112807394700736BAF /* AboutViewController.swift */,
			);
			path = ViewControllers;
			sourceTree = "<group>";
		};
		70ACADDD2807510A00B59F08 /* Models */ = {
			isa = PBXGroup;
			children = (
				707075022806F84000736BAF /* Beer.swift */,
			);
			path = Models;
			sourceTree = "<group>";
		};
		70ACADDE2807510F00B59F08 /* Storyboards */ = {
			isa = PBXGroup;
			children = (
				707074F42806F7F700736BAF /* Main.storyboard */,
				707074F92806F7F900736BAF /* LaunchScreen.storyboard */,
			);
			path = Storyboards;
			sourceTree = "<group>";
		};
		70ACADDF2807512800B59F08 /* Resources */ = {
			isa = PBXGroup;
			children = (
				707074F72806F7F900736BAF /* Assets.xcassets */,
			);
			path = Resources;
			sourceTree = "<group>";
		};
/* End PBXGroup section */

/* Begin PBXNativeTarget section */
		707074EA2806F7F700736BAF /* BrewDogBeers */ = {
			isa = PBXNativeTarget;
			buildConfigurationList = 707074FF2806F7F900736BAF /* Build configuration list for PBXNativeTarget "BrewDogBeers" */;
			buildPhases = (
				707074E72806F7F700736BAF /* Sources */,
				707074E82806F7F700736BAF /* Frameworks */,
				707074E92806F7F700736BAF /* Resources */,
			);
			buildRules = (
			);
			dependencies = (
			);
			name = BrewDogBeers;
			packageProductDependencies = (
				707075092806FBD600736BAF /* Alamofire */,
			);
			productName = BrewDogBeers;
			productReference = 707074EB2806F7F700736BAF /* BrewDogBeers.app */;
			productType = "com.apple.product-type.application";
		};
/* End PBXNativeTarget section */

/* Begin PBXProject section */
		707074E32806F7F700736BAF /* Project object */ = {
			isa = PBXProject;
			attributes = {
				BuildIndependentTargetsInParallel = 1;
				LastSwiftUpdateCheck = 1330;
				LastUpgradeCheck = 1330;
				TargetAttributes = {
					707074EA2806F7F700736BAF = {
						CreatedOnToolsVersion = 13.3;
					};
				};
			};
			buildConfigurationList = 707074E62806F7F700736BAF /* Build configuration list for PBXProject "BrewDogBeers" */;
			compatibilityVersion = "Xcode 13.0";
			developmentRegion = en;
			hasScannedForEncodings = 0;
			knownRegions = (
				en,
				Base,
			);
			mainGroup = 707074E22806F7F700736BAF;
			packageReferences = (
				707075082806FBD600736BAF /* XCRemoteSwiftPackageReference "Alamofire" */,
			);
			productRefGroup = 707074EC2806F7F700736BAF /* Products */;
			projectDirPath = "";
			projectRoot = "";
			targets = (
				707074EA2806F7F700736BAF /* BrewDogBeers */,
			);
		};
/* End PBXProject section */

/* Begin PBXResourcesBuildPhase section */
		707074E92806F7F700736BAF /* Resources */ = {
			isa = PBXResourcesBuildPhase;
			buildActionMask = 2147483647;
			files = (
				707074FB2806F7F900736BAF /* LaunchScreen.storyboard in Resources */,
				707074F82806F7F900736BAF /* Assets.xcassets in Resources */,
				707074F62806F7F700736BAF /* Main.storyboard in Resources */,
			);
			runOnlyForDeploymentPostprocessing = 0;
		};
/* End PBXResourcesBuildPhase section */

/* Begin PBXSourcesBuildPhase section */
		707074E72806F7F700736BAF /* Sources */ = {
			isa = PBXSourcesBuildPhase;
			buildActionMask = 2147483647;
			files = (
				707075122807394700736BAF /* AboutViewController.swift in Sources */,
				707074EF2806F7F700736BAF /* AppDelegate.swift in Sources */,
				707074F12806F7F700736BAF /* SceneDelegate.swift in Sources */,
				707075072806FB7900736BAF /* NetworkManager.swift in Sources */,
				707075032806F84000736BAF /* Beer.swift in Sources */,
				707075052806FB3F00736BAF /* BeerListTableViewController.swift in Sources */,
			);
			runOnlyForDeploymentPostprocessing = 0;
		};
/* End PBXSourcesBuildPhase section */

/* Begin PBXVariantGroup section */
		707074F42806F7F700736BAF /* Main.storyboard */ = {
			isa = PBXVariantGroup;
			children = (
				707074F52806F7F700736BAF /* Base */,
			);
			name = Main.storyboard;
			sourceTree = "<group>";
		};
		707074F92806F7F900736BAF /* LaunchScreen.storyboard */ = {
			isa = PBXVariantGroup;
			children = (
				707074FA2806F7F900736BAF /* Base */,
			);
			name = LaunchScreen.storyboard;
			sourceTree = "<group>";
		};
/* End PBXVariantGroup section */

/* Begin XCBuildConfiguration section */
		707074FD2806F7F900736BAF /* Debug */ = {
			isa = XCBuildConfiguration;
			buildSettings = {
				ALWAYS_SEARCH_USER_PATHS = NO;
				CLANG_ANALYZER_NONNULL = YES;
				CLANG_ANALYZER_NUMBER_OBJECT_CONVERSION = YES_AGGRESSIVE;
				CLANG_CXX_LANGUAGE_STANDARD = "gnu++17";
				CLANG_ENABLE_MODULES = YES;
				CLANG_ENABLE_OBJC_ARC = YES;
				CLANG_ENABLE_OBJC_WEAK = YES;
				CLANG_WARN_BLOCK_CAPTURE_AUTORELEASING = YES;
				CLANG_WARN_BOOL_CONVERSION = YES;
				CLANG_WARN_COMMA = YES;
				CLANG_WARN_CONSTANT_CONVERSION = YES;
				CLANG_WARN_DEPRECATED_OBJC_IMPLEMENTATIONS = YES;
				CLANG_WARN_DIRECT_OBJC_ISA_USAGE = YES_ERROR;
				CLANG_WARN_DOCUMENTATION_COMMENTS = YES;
				CLANG_WARN_EMPTY_BODY = YES;
				CLANG_WARN_ENUM_CONVERSION = YES;
				CLANG_WARN_INFINITE_RECURSION = YES;
				CLANG_WARN_INT_CONVERSION = YES;
				CLANG_WARN_NON_LITERAL_NULL_CONVERSION = YES;
				CLANG_WARN_OBJC_IMPLICIT_RETAIN_SELF = YES;
				CLANG_WARN_OBJC_LITERAL_CONVERSION = YES;
				CLANG_WARN_OBJC_ROOT_CLASS = YES_ERROR;
				CLANG_WARN_QUOTED_INCLUDE_IN_FRAMEWORK_HEADER = YES;
				CLANG_WARN_RANGE_LOOP_ANALYSIS = YES;
				CLANG_WARN_STRICT_PROTOTYPES = YES;
				CLANG_WARN_SUSPICIOUS_MOVE = YES;
				CLANG_WARN_UNGUARDED_AVAILABILITY = YES_AGGRESSIVE;
				CLANG_WARN_UNREACHABLE_CODE = YES;
				CLANG_WARN__DUPLICATE_METHOD_MATCH = YES;
				COPY_PHASE_STRIP = NO;
				DEBUG_INFORMATION_FORMAT = dwarf;
				ENABLE_STRICT_OBJC_MSGSEND = YES;
				ENABLE_TESTABILITY = YES;
				GCC_C_LANGUAGE_STANDARD = gnu11;
				GCC_DYNAMIC_NO_PIC = NO;
				GCC_NO_COMMON_BLOCKS = YES;
				GCC_OPTIMIZATION_LEVEL = 0;
				GCC_PREPROCESSOR_DEFINITIONS = (
					"DEBUG=1",
					"$(inherited)",
				);
				GCC_WARN_64_TO_32_BIT_CONVERSION = YES;
				GCC_WARN_ABOUT_RETURN_TYPE = YES_ERROR;
				GCC_WARN_UNDECLARED_SELECTOR = YES;
				GCC_WARN_UNINITIALIZED_AUTOS = YES_AGGRESSIVE;
				GCC_WARN_UNUSED_FUNCTION = YES;
				GCC_WARN_UNUSED_VARIABLE = YES;
				IPHONEOS_DEPLOYMENT_TARGET = 15.4;
				MTL_ENABLE_DEBUG_INFO = INCLUDE_SOURCE;
				MTL_FAST_MATH = YES;
				ONLY_ACTIVE_ARCH = YES;
				SDKROOT = iphoneos;
				SWIFT_ACTIVE_COMPILATION_CONDITIONS = DEBUG;
				SWIFT_OPTIMIZATION_LEVEL = "-Onone";
			};
			name = Debug;
		};
		707074FE2806F7F900736BAF /* Release */ = {
			isa = XCBuildConfiguration;
			buildSettings = {
				ALWAYS_SEARCH_USER_PATHS = NO;
				CLANG_ANALYZER_NONNULL = YES;
				CLANG_ANALYZER_NUMBER_OBJECT_CONVERSION = YES_AGGRESSIVE;
				CLANG_CXX_LANGUAGE_STANDARD = "gnu++17";
				CLANG_ENABLE_MODULES = YES;
				CLANG_ENABLE_OBJC_ARC = YES;
				CLANG_ENABLE_OBJC_WEAK = YES;
				CLANG_WARN_BLOCK_CAPTURE_AUTORELEASING = YES;
				CLANG_WARN_BOOL_CONVERSION = YES;
				CLANG_WARN_COMMA = YES;
				CLANG_WARN_CONSTANT_CONVERSION = YES;
				CLANG_WARN_DEPRECATED_OBJC_IMPLEMENTATIONS = YES;
				CLANG_WARN_DIRECT_OBJC_ISA_USAGE = YES_ERROR;
				CLANG_WARN_DOCUMENTATION_COMMENTS = YES;
				CLANG_WARN_EMPTY_BODY = YES;
				CLANG_WARN_ENUM_CONVERSION = YES;
				CLANG_WARN_INFINITE_RECURSION = YES;
				CLANG_WARN_INT_CONVERSION = YES;
				CLANG_WARN_NON_LITERAL_NULL_CONVERSION = YES;
				CLANG_WARN_OBJC_IMPLICIT_RETAIN_SELF = YES;
				CLANG_WARN_OBJC_LITERAL_CONVERSION = YES;
				CLANG_WARN_OBJC_ROOT_CLASS = YES_ERROR;
				CLANG_WARN_QUOTED_INCLUDE_IN_FRAMEWORK_HEADER = YES;
				CLANG_WARN_RANGE_LOOP_ANALYSIS = YES;
				CLANG_WARN_STRICT_PROTOTYPES = YES;
				CLANG_WARN_SUSPICIOUS_MOVE = YES;
				CLANG_WARN_UNGUARDED_AVAILABILITY = YES_AGGRESSIVE;
				CLANG_WARN_UNREACHABLE_CODE = YES;
				CLANG_WARN__DUPLICATE_METHOD_MATCH = YES;
				COPY_PHASE_STRIP = NO;
				DEBUG_INFORMATION_FORMAT = "dwarf-with-dsym";
				ENABLE_NS_ASSERTIONS = NO;
				ENABLE_STRICT_OBJC_MSGSEND = YES;
				GCC_C_LANGUAGE_STANDARD = gnu11;
				GCC_NO_COMMON_BLOCKS = YES;
				GCC_WARN_64_TO_32_BIT_CONVERSION = YES;
				GCC_WARN_ABOUT_RETURN_TYPE = YES_ERROR;
				GCC_WARN_UNDECLARED_SELECTOR = YES;
				GCC_WARN_UNINITIALIZED_AUTOS = YES_AGGRESSIVE;
				GCC_WARN_UNUSED_FUNCTION = YES;
				GCC_WARN_UNUSED_VARIABLE = YES;
				IPHONEOS_DEPLOYMENT_TARGET = 15.4;
				MTL_ENABLE_DEBUG_INFO = NO;
				MTL_FAST_MATH = YES;
				SDKROOT = iphoneos;
				SWIFT_COMPILATION_MODE = wholemodule;
				SWIFT_OPTIMIZATION_LEVEL = "-O";
				VALIDATE_PRODUCT = YES;
			};
			name = Release;
		};
		707075002806F7F900736BAF /* Debug */ = {
			isa = XCBuildConfiguration;
			buildSettings = {
				ASSETCATALOG_COMPILER_APPICON_NAME = AppIcon;
				ASSETCATALOG_COMPILER_GLOBAL_ACCENT_COLOR_NAME = AccentColor;
				CODE_SIGN_STYLE = Automatic;
				CURRENT_PROJECT_VERSION = 1;
				DEVELOPMENT_TEAM = BS64CSG2MY;
				GENERATE_INFOPLIST_FILE = YES;
				INFOPLIST_FILE = BrewDogBeers/App/Info.plist;
				INFOPLIST_KEY_UIApplicationSupportsIndirectInputEvents = YES;
				INFOPLIST_KEY_UILaunchStoryboardName = LaunchScreen;
				INFOPLIST_KEY_UIMainStoryboardFile = Main;
				INFOPLIST_KEY_UISupportedInterfaceOrientations_iPad = "UIInterfaceOrientationPortrait UIInterfaceOrientationPortraitUpsideDown UIInterfaceOrientationLandscapeLeft UIInterfaceOrientationLandscapeRight";
				INFOPLIST_KEY_UISupportedInterfaceOrientations_iPhone = UIInterfaceOrientationPortrait;
				LD_RUNPATH_SEARCH_PATHS = (
					"$(inherited)",
					"@executable_path/Frameworks",
				);
				MARKETING_VERSION = 1.0;
				PRODUCT_BUNDLE_IDENTIFIER = null.BrewDogBeers;
				PRODUCT_NAME = "$(TARGET_NAME)";
				SWIFT_EMIT_LOC_STRINGS = YES;
				SWIFT_VERSION = 5.0;
				TARGETED_DEVICE_FAMILY = 1;
			};
			name = Debug;
		};
		707075012806F7F900736BAF /* Release */ = {
			isa = XCBuildConfiguration;
			buildSettings = {
				ASSETCATALOG_COMPILER_APPICON_NAME = AppIcon;
				ASSETCATALOG_COMPILER_GLOBAL_ACCENT_COLOR_NAME = AccentColor;
				CODE_SIGN_STYLE = Automatic;
				CURRENT_PROJECT_VERSION = 1;
				DEVELOPMENT_TEAM = BS64CSG2MY;
				GENERATE_INFOPLIST_FILE = YES;
				INFOPLIST_FILE = BrewDogBeers/App/Info.plist;
				INFOPLIST_KEY_UIApplicationSupportsIndirectInputEvents = YES;
				INFOPLIST_KEY_UILaunchStoryboardName = LaunchScreen;
				INFOPLIST_KEY_UIMainStoryboardFile = Main;
				INFOPLIST_KEY_UISupportedInterfaceOrientations_iPad = "UIInterfaceOrientationPortrait UIInterfaceOrientationPortraitUpsideDown UIInterfaceOrientationLandscapeLeft UIInterfaceOrientationLandscapeRight";
				INFOPLIST_KEY_UISupportedInterfaceOrientations_iPhone = UIInterfaceOrientationPortrait;
				LD_RUNPATH_SEARCH_PATHS = (
					"$(inherited)",
					"@executable_path/Frameworks",
				);
				MARKETING_VERSION = 1.0;
				PRODUCT_BUNDLE_IDENTIFIER = null.BrewDogBeers;
				PRODUCT_NAME = "$(TARGET_NAME)";
				SWIFT_EMIT_LOC_STRINGS = YES;
				SWIFT_VERSION = 5.0;
				TARGETED_DEVICE_FAMILY = 1;
			};
			name = Release;
		};
/* End XCBuildConfiguration section */

/* Begin XCConfigurationList section */
		707074E62806F7F700736BAF /* Build configuration list for PBXProject "BrewDogBeers" */ = {
			isa = XCConfigurationList;
			buildConfigurations = (
				707074FD2806F7F900736BAF /* Debug */,
				707074FE2806F7F900736BAF /* Release */,
			);
			defaultConfigurationIsVisible = 0;
			defaultConfigurationName = Release;
		};
		707074FF2806F7F900736BAF /* Build configuration list for PBXNativeTarget "BrewDogBeers" */ = {
			isa = XCConfigurationList;
			buildConfigurations = (
				707075002806F7F900736BAF /* Debug */,
				707075012806F7F900736BAF /* Release */,
			);
			defaultConfigurationIsVisible = 0;
			defaultConfigurationName = Release;
		};
/* End XCConfigurationList section */

/* Begin XCRemoteSwiftPackageReference section */
		707075082806FBD600736BAF /* XCRemoteSwiftPackageReference "Alamofire" */ = {
			isa = XCRemoteSwiftPackageReference;
			repositoryURL = "https://github.com/Alamofire/Alamofire.git";
			requirement = {
				branch = master;
				kind = branch;
			};
		};
/* End XCRemoteSwiftPackageReference section */

/* Begin XCSwiftPackageProductDependency section */
		707075092806FBD600736BAF /* Alamofire */ = {
			isa = XCSwiftPackageProductDependency;
			package = 707075082806FBD600736BAF /* XCRemoteSwiftPackageReference "Alamofire" */;
			productName = Alamofire;
		};
/* End XCSwiftPackageProductDependency section */
	};
	rootObject = 707074E32806F7F700736BAF /* Project object */;
}
